// !$*UTF8*$!
{
	archiveVersion = 1;
	classes = {
	};
	objectVersion = 46;
	objects = {

/* Begin PBXBuildFile section */
		E30666D318CEBA3300F9CA6A /* Foundation.framework in Frameworks */ = {isa = PBXBuildFile; fileRef = E30666D218CEBA3300F9CA6A /* Foundation.framework */; };
		E30666D518CEBA3300F9CA6A /* CoreGraphics.framework in Frameworks */ = {isa = PBXBuildFile; fileRef = E30666D418CEBA3300F9CA6A /* CoreGraphics.framework */; };
		E30666D718CEBA3300F9CA6A /* UIKit.framework in Frameworks */ = {isa = PBXBuildFile; fileRef = E30666D618CEBA3300F9CA6A /* UIKit.framework */; };
		E30666DD18CEBA3300F9CA6A /* InfoPlist.strings in Resources */ = {isa = PBXBuildFile; fileRef = E30666DB18CEBA3300F9CA6A /* InfoPlist.strings */; };
		E30666DF18CEBA3300F9CA6A /* main.m in Sources */ = {isa = PBXBuildFile; fileRef = E30666DE18CEBA3300F9CA6A /* main.m */; };
		E30666E318CEBA3300F9CA6A /* AppDelegate.m in Sources */ = {isa = PBXBuildFile; fileRef = E30666E218CEBA3300F9CA6A /* AppDelegate.m */; };
		E30666E618CEBA3300F9CA6A /* Main_iPhone.storyboard in Resources */ = {isa = PBXBuildFile; fileRef = E30666E418CEBA3300F9CA6A /* Main_iPhone.storyboard */; };
		E30666E918CEBA3300F9CA6A /* Main_iPad.storyboard in Resources */ = {isa = PBXBuildFile; fileRef = E30666E718CEBA3300F9CA6A /* Main_iPad.storyboard */; };
		E30666EC18CEBA3300F9CA6A /* ViewController.m in Sources */ = {isa = PBXBuildFile; fileRef = E30666EB18CEBA3300F9CA6A /* ViewController.m */; };
		E30666EE18CEBA3300F9CA6A /* Images.xcassets in Resources */ = {isa = PBXBuildFile; fileRef = E30666ED18CEBA3300F9CA6A /* Images.xcassets */; };
		E30666F518CEBA3300F9CA6A /* XCTest.framework in Frameworks */ = {isa = PBXBuildFile; fileRef = E30666F418CEBA3300F9CA6A /* XCTest.framework */; };
		E30666F618CEBA3300F9CA6A /* Foundation.framework in Frameworks */ = {isa = PBXBuildFile; fileRef = E30666D218CEBA3300F9CA6A /* Foundation.framework */; };
		E30666F718CEBA3300F9CA6A /* UIKit.framework in Frameworks */ = {isa = PBXBuildFile; fileRef = E30666D618CEBA3300F9CA6A /* UIKit.framework */; };
		E30666FF18CEBA3300F9CA6A /* InfoPlist.strings in Resources */ = {isa = PBXBuildFile; fileRef = E30666FD18CEBA3300F9CA6A /* InfoPlist.strings */; };
		E306670118CEBA3300F9CA6A /* FreeMusicDownLoaderTests.m in Sources */ = {isa = PBXBuildFile; fileRef = E306670018CEBA3300F9CA6A /* FreeMusicDownLoaderTests.m */; };
		E306671518CEBB7100F9CA6A /* PBSafariActivity.m in Sources */ = {isa = PBXBuildFile; fileRef = E306670D18CEBB7100F9CA6A /* PBSafariActivity.m */; };
		E306671618CEBB7100F9CA6A /* Safari@2x~ipad.png in Resources */ = {isa = PBXBuildFile; fileRef = E306670E18CEBB7100F9CA6A /* Safari@2x~ipad.png */; };
		E306671718CEBB7100F9CA6A /* Safari@2x~iphone.png in Resources */ = {isa = PBXBuildFile; fileRef = E306670F18CEBB7100F9CA6A /* Safari@2x~iphone.png */; };
		E306671818CEBB7100F9CA6A /* Safari~ipad.png in Resources */ = {isa = PBXBuildFile; fileRef = E306671018CEBB7100F9CA6A /* Safari~ipad.png */; };
		E306671918CEBB7100F9CA6A /* Safari~iphone.png in Resources */ = {isa = PBXBuildFile; fileRef = E306671118CEBB7100F9CA6A /* Safari~iphone.png */; };
		E306671A18CEBB7100F9CA6A /* PBWebViewController.m in Sources */ = {isa = PBXBuildFile; fileRef = E306671418CEBB7100F9CA6A /* PBWebViewController.m */; };
		E306671C18CEC11900F9CA6A /* README.md in Resources */ = {isa = PBXBuildFile; fileRef = E306671B18CEC11900F9CA6A /* README.md */; };
/* End PBXBuildFile section */

/* Begin PBXContainerItemProxy section */
		E30666F818CEBA3300F9CA6A /* PBXContainerItemProxy */ = {
			isa = PBXContainerItemProxy;
			containerPortal = E30666C718CEBA3300F9CA6A /* Project object */;
			proxyType = 1;
			remoteGlobalIDString = E30666CE18CEBA3300F9CA6A;
			remoteInfo = FreeMusicDownLoader;
		};
/* End PBXContainerItemProxy section */

/* Begin PBXFileReference section */
		E30666CF18CEBA3300F9CA6A /* FreeMusicDownLoader.app */ = {isa = PBXFileReference; explicitFileType = wrapper.application; includeInIndex = 0; path = FreeMusicDownLoader.app; sourceTree = BUILT_PRODUCTS_DIR; };
		E30666D218CEBA3300F9CA6A /* Foundation.framework */ = {isa = PBXFileReference; lastKnownFileType = wrapper.framework; name = Foundation.framework; path = System/Library/Frameworks/Foundation.framework; sourceTree = SDKROOT; };
		E30666D418CEBA3300F9CA6A /* CoreGraphics.framework */ = {isa = PBXFileReference; lastKnownFileType = wrapper.framework; name = CoreGraphics.framework; path = System/Library/Frameworks/CoreGraphics.framework; sourceTree = SDKROOT; };
		E30666D618CEBA3300F9CA6A /* UIKit.framework */ = {isa = PBXFileReference; lastKnownFileType = wrapper.framework; name = UIKit.framework; path = System/Library/Frameworks/UIKit.framework; sourceTree = SDKROOT; };
		E30666DA18CEBA3300F9CA6A /* FreeMusicDownLoader-Info.plist */ = {isa = PBXFileReference; lastKnownFileType = text.plist.xml; path = "FreeMusicDownLoader-Info.plist"; sourceTree = "<group>"; };
		E30666DC18CEBA3300F9CA6A /* en */ = {isa = PBXFileReference; lastKnownFileType = text.plist.strings; name = en; path = en.lproj/InfoPlist.strings; sourceTree = "<group>"; };
		E30666DE18CEBA3300F9CA6A /* main.m */ = {isa = PBXFileReference; lastKnownFileType = sourcecode.c.objc; path = main.m; sourceTree = "<group>"; };
		E30666E018CEBA3300F9CA6A /* FreeMusicDownLoader-Prefix.pch */ = {isa = PBXFileReference; lastKnownFileType = sourcecode.c.h; path = "FreeMusicDownLoader-Prefix.pch"; sourceTree = "<group>"; };
		E30666E118CEBA3300F9CA6A /* AppDelegate.h */ = {isa = PBXFileReference; lastKnownFileType = sourcecode.c.h; path = AppDelegate.h; sourceTree = "<group>"; };
		E30666E218CEBA3300F9CA6A /* AppDelegate.m */ = {isa = PBXFileReference; lastKnownFileType = sourcecode.c.objc; path = AppDelegate.m; sourceTree = "<group>"; };
		E30666E518CEBA3300F9CA6A /* Base */ = {isa = PBXFileReference; lastKnownFileType = file.storyboard; name = Base; path = Base.lproj/Main_iPhone.storyboard; sourceTree = "<group>"; };
		E30666E818CEBA3300F9CA6A /* Base */ = {isa = PBXFileReference; lastKnownFileType = file.storyboard; name = Base; path = Base.lproj/Main_iPad.storyboard; sourceTree = "<group>"; };
		E30666EA18CEBA3300F9CA6A /* ViewController.h */ = {isa = PBXFileReference; lastKnownFileType = sourcecode.c.h; path = ViewController.h; sourceTree = "<group>"; };
		E30666EB18CEBA3300F9CA6A /* ViewController.m */ = {isa = PBXFileReference; lastKnownFileType = sourcecode.c.objc; path = ViewController.m; sourceTree = "<group>"; };
		E30666ED18CEBA3300F9CA6A /* Images.xcassets */ = {isa = PBXFileReference; lastKnownFileType = folder.assetcatalog; path = Images.xcassets; sourceTree = "<group>"; };
		E30666F318CEBA3300F9CA6A /* FreeMusicDownLoaderTests.xctest */ = {isa = PBXFileReference; explicitFileType = wrapper.cfbundle; includeInIndex = 0; path = FreeMusicDownLoaderTests.xctest; sourceTree = BUILT_PRODUCTS_DIR; };
		E30666F418CEBA3300F9CA6A /* XCTest.framework */ = {isa = PBXFileReference; lastKnownFileType = wrapper.framework; name = XCTest.framework; path = Library/Frameworks/XCTest.framework; sourceTree = DEVELOPER_DIR; };
		E30666FC18CEBA3300F9CA6A /* FreeMusicDownLoaderTests-Info.plist */ = {isa = PBXFileReference; lastKnownFileType = text.plist.xml; path = "FreeMusicDownLoaderTests-Info.plist"; sourceTree = "<group>"; };
		E30666FE18CEBA3300F9CA6A /* en */ = {isa = PBXFileReference; lastKnownFileType = text.plist.strings; name = en; path = en.lproj/InfoPlist.strings; sourceTree = "<group>"; };
		E306670018CEBA3300F9CA6A /* FreeMusicDownLoaderTests.m */ = {isa = PBXFileReference; lastKnownFileType = sourcecode.c.objc; path = FreeMusicDownLoaderTests.m; sourceTree = "<group>"; };
		E306670C18CEBB7100F9CA6A /* PBSafariActivity.h */ = {isa = PBXFileReference; fileEncoding = 4; lastKnownFileType = sourcecode.c.h; path = PBSafariActivity.h; sourceTree = "<group>"; };
		E306670D18CEBB7100F9CA6A /* PBSafariActivity.m */ = {isa = PBXFileReference; fileEncoding = 4; lastKnownFileType = sourcecode.c.objc; path = PBSafariActivity.m; sourceTree = "<group>"; };
		E306670E18CEBB7100F9CA6A /* Safari@2x~ipad.png */ = {isa = PBXFileReference; lastKnownFileType = image.png; path = "Safari@2x~ipad.png"; sourceTree = "<group>"; };
		E306670F18CEBB7100F9CA6A /* Safari@2x~iphone.png */ = {isa = PBXFileReference; lastKnownFileType = image.png; path = "Safari@2x~iphone.png"; sourceTree = "<group>"; };
		E306671018CEBB7100F9CA6A /* Safari~ipad.png */ = {isa = PBXFileReference; lastKnownFileType = image.png; path = "Safari~ipad.png"; sourceTree = "<group>"; };
		E306671118CEBB7100F9CA6A /* Safari~iphone.png */ = {isa = PBXFileReference; lastKnownFileType = image.png; path = "Safari~iphone.png"; sourceTree = "<group>"; };
		E306671318CEBB7100F9CA6A /* PBWebViewController.h */ = {isa = PBXFileReference; fileEncoding = 4; lastKnownFileType = sourcecode.c.h; path = PBWebViewController.h; sourceTree = "<group>"; };
		E306671418CEBB7100F9CA6A /* PBWebViewController.m */ = {isa = PBXFileReference; fileEncoding = 4; lastKnownFileType = sourcecode.c.objc; path = PBWebViewController.m; sourceTree = "<group>"; };
		E306671B18CEC11900F9CA6A /* README.md */ = {isa = PBXFileReference; fileEncoding = 4; lastKnownFileType = text; path = README.md; sourceTree = SOURCE_ROOT; };
/* End PBXFileReference section */

/* Begin PBXFrameworksBuildPhase section */
		E30666CC18CEBA3300F9CA6A /* Frameworks */ = {
			isa = PBXFrameworksBuildPhase;
			buildActionMask = 2147483647;
			files = (
				E30666D518CEBA3300F9CA6A /* CoreGraphics.framework in Frameworks */,
				E30666D718CEBA3300F9CA6A /* UIKit.framework in Frameworks */,
				E30666D318CEBA3300F9CA6A /* Foundation.framework in Frameworks */,
			);
			runOnlyForDeploymentPostprocessing = 0;
		};
		E30666F018CEBA3300F9CA6A /* Frameworks */ = {
			isa = PBXFrameworksBuildPhase;
			buildActionMask = 2147483647;
			files = (
				E30666F518CEBA3300F9CA6A /* XCTest.framework in Frameworks */,
				E30666F718CEBA3300F9CA6A /* UIKit.framework in Frameworks */,
				E30666F618CEBA3300F9CA6A /* Foundation.framework in Frameworks */,
			);
			runOnlyForDeploymentPostprocessing = 0;
		};
/* End PBXFrameworksBuildPhase section */

/* Begin PBXGroup section */
		E30666C618CEBA3300F9CA6A = {
			isa = PBXGroup;
			children = (
				E30666D818CEBA3300F9CA6A /* FreeMusicDownLoader */,
				E30666FA18CEBA3300F9CA6A /* FreeMusicDownLoaderTests */,
				E30666D118CEBA3300F9CA6A /* Frameworks */,
				E30666D018CEBA3300F9CA6A /* Products */,
			);
			sourceTree = "<group>";
		};
		E30666D018CEBA3300F9CA6A /* Products */ = {
			isa = PBXGroup;
			children = (
				E30666CF18CEBA3300F9CA6A /* FreeMusicDownLoader.app */,
				E30666F318CEBA3300F9CA6A /* FreeMusicDownLoaderTests.xctest */,
			);
			name = Products;
			sourceTree = "<group>";
		};
		E30666D118CEBA3300F9CA6A /* Frameworks */ = {
			isa = PBXGroup;
			children = (
				E30666D218CEBA3300F9CA6A /* Foundation.framework */,
				E30666D418CEBA3300F9CA6A /* CoreGraphics.framework */,
				E30666D618CEBA3300F9CA6A /* UIKit.framework */,
				E30666F418CEBA3300F9CA6A /* XCTest.framework */,
			);
			name = Frameworks;
			sourceTree = "<group>";
		};
		E30666D818CEBA3300F9CA6A /* FreeMusicDownLoader */ = {
			isa = PBXGroup;
			children = (
				E306670A18CEBB7100F9CA6A /* web */,
				E30666E118CEBA3300F9CA6A /* AppDelegate.h */,
				E30666E218CEBA3300F9CA6A /* AppDelegate.m */,
				E30666E418CEBA3300F9CA6A /* Main_iPhone.storyboard */,
				E30666E718CEBA3300F9CA6A /* Main_iPad.storyboard */,
				E30666EA18CEBA3300F9CA6A /* ViewController.h */,
				E30666EB18CEBA3300F9CA6A /* ViewController.m */,
				E30666ED18CEBA3300F9CA6A /* Images.xcassets */,
				E30666D918CEBA3300F9CA6A /* Supporting Files */,
			);
			path = FreeMusicDownLoader;
			sourceTree = "<group>";
		};
		E30666D918CEBA3300F9CA6A /* Supporting Files */ = {
			isa = PBXGroup;
			children = (
				E306671B18CEC11900F9CA6A /* README.md */,
				E30666DA18CEBA3300F9CA6A /* FreeMusicDownLoader-Info.plist */,
				E30666DB18CEBA3300F9CA6A /* InfoPlist.strings */,
				E30666DE18CEBA3300F9CA6A /* main.m */,
				E30666E018CEBA3300F9CA6A /* FreeMusicDownLoader-Prefix.pch */,
			);
			name = "Supporting Files";
			sourceTree = "<group>";
		};
		E30666FA18CEBA3300F9CA6A /* FreeMusicDownLoaderTests */ = {
			isa = PBXGroup;
			children = (
				E306670018CEBA3300F9CA6A /* FreeMusicDownLoaderTests.m */,
				E30666FB18CEBA3300F9CA6A /* Supporting Files */,
			);
			path = FreeMusicDownLoaderTests;
			sourceTree = "<group>";
		};
		E30666FB18CEBA3300F9CA6A /* Supporting Files */ = {
			isa = PBXGroup;
			children = (
				E30666FC18CEBA3300F9CA6A /* FreeMusicDownLoaderTests-Info.plist */,
				E30666FD18CEBA3300F9CA6A /* InfoPlist.strings */,
			);
			name = "Supporting Files";
			sourceTree = "<group>";
		};
		E306670A18CEBB7100F9CA6A /* web */ = {
			isa = PBXGroup;
			children = (
				E306670B18CEBB7100F9CA6A /* PBSafariActivity */,
				E306671218CEBB7100F9CA6A /* PBWebViewController */,
			);
			path = web;
			sourceTree = "<group>";
		};
		E306670B18CEBB7100F9CA6A /* PBSafariActivity */ = {
			isa = PBXGroup;
			children = (
				E306670C18CEBB7100F9CA6A /* PBSafariActivity.h */,
				E306670D18CEBB7100F9CA6A /* PBSafariActivity.m */,
				E306670E18CEBB7100F9CA6A /* Safari@2x~ipad.png */,
				E306670F18CEBB7100F9CA6A /* Safari@2x~iphone.png */,
				E306671018CEBB7100F9CA6A /* Safari~ipad.png */,
				E306671118CEBB7100F9CA6A /* Safari~iphone.png */,
			);
			path = PBSafariActivity;
			sourceTree = "<group>";
		};
		E306671218CEBB7100F9CA6A /* PBWebViewController */ = {
			isa = PBXGroup;
			children = (
				E306671318CEBB7100F9CA6A /* PBWebViewController.h */,
				E306671418CEBB7100F9CA6A /* PBWebViewController.m */,
			);
			path = PBWebViewController;
			sourceTree = "<group>";
		};
/* End PBXGroup section */

/* Begin PBXNativeTarget section */
		E30666CE18CEBA3300F9CA6A /* FreeMusicDownLoader */ = {
			isa = PBXNativeTarget;
			buildConfigurationList = E306670418CEBA3300F9CA6A /* Build configuration list for PBXNativeTarget "FreeMusicDownLoader" */;
			buildPhases = (
				E30666CB18CEBA3300F9CA6A /* Sources */,
				E30666CC18CEBA3300F9CA6A /* Frameworks */,
				E30666CD18CEBA3300F9CA6A /* Resources */,
			);
			buildRules = (
			);
			dependencies = (
			);
			name = FreeMusicDownLoader;
			productName = FreeMusicDownLoader;
			productReference = E30666CF18CEBA3300F9CA6A /* FreeMusicDownLoader.app */;
			productType = "com.apple.product-type.application";
		};
		E30666F218CEBA3300F9CA6A /* FreeMusicDownLoaderTests */ = {
			isa = PBXNativeTarget;
			buildConfigurationList = E306670718CEBA3300F9CA6A /* Build configuration list for PBXNativeTarget "FreeMusicDownLoaderTests" */;
			buildPhases = (
				E30666EF18CEBA3300F9CA6A /* Sources */,
				E30666F018CEBA3300F9CA6A /* Frameworks */,
				E30666F118CEBA3300F9CA6A /* Resources */,
			);
			buildRules = (
			);
			dependencies = (
				E30666F918CEBA3300F9CA6A /* PBXTargetDependency */,
			);
			name = FreeMusicDownLoaderTests;
			productName = FreeMusicDownLoaderTests;
			productReference = E30666F318CEBA3300F9CA6A /* FreeMusicDownLoaderTests.xctest */;
			productType = "com.apple.product-type.bundle.unit-test";
		};
/* End PBXNativeTarget section */

/* Begin PBXProject section */
		E30666C718CEBA3300F9CA6A /* Project object */ = {
			isa = PBXProject;
			attributes = {
				LastUpgradeCheck = 0500;
				ORGANIZATIONNAME = Xingyan;
				TargetAttributes = {
					E30666F218CEBA3300F9CA6A = {
						TestTargetID = E30666CE18CEBA3300F9CA6A;
					};
				};
			};
			buildConfigurationList = E30666CA18CEBA3300F9CA6A /* Build configuration list for PBXProject "FreeMusicDownLoader" */;
			compatibilityVersion = "Xcode 3.2";
			developmentRegion = English;
			hasScannedForEncodings = 0;
			knownRegions = (
				en,
				Base,
			);
			mainGroup = E30666C618CEBA3300F9CA6A;
			productRefGroup = E30666D018CEBA3300F9CA6A /* Products */;
			projectDirPath = "";
			projectRoot = "";
			targets = (
				E30666CE18CEBA3300F9CA6A /* FreeMusicDownLoader */,
				E30666F218CEBA3300F9CA6A /* FreeMusicDownLoaderTests */,
			);
		};
/* End PBXProject section */

/* Begin PBXResourcesBuildPhase section */
		E30666CD18CEBA3300F9CA6A /* Resources */ = {
			isa = PBXResourcesBuildPhase;
			buildActionMask = 2147483647;
			files = (
				E306671618CEBB7100F9CA6A /* Safari@2x~ipad.png in Resources */,
				E30666E918CEBA3300F9CA6A /* Main_iPad.storyboard in Resources */,
				E306671718CEBB7100F9CA6A /* Safari@2x~iphone.png in Resources */,
				E306671918CEBB7100F9CA6A /* Safari~iphone.png in Resources */,
				E30666EE18CEBA3300F9CA6A /* Images.xcassets in Resources */,
				E30666E618CEBA3300F9CA6A /* Main_iPhone.storyboard in Resources */,
				E306671C18CEC11900F9CA6A /* README.md in Resources */,
				E30666DD18CEBA3300F9CA6A /* InfoPlist.strings in Resources */,
				E306671818CEBB7100F9CA6A /* Safari~ipad.png in Resources */,
			);
			runOnlyForDeploymentPostprocessing = 0;
		};
		E30666F118CEBA3300F9CA6A /* Resources */ = {
			isa = PBXResourcesBuildPhase;
			buildActionMask = 2147483647;
			files = (
				E30666FF18CEBA3300F9CA6A /* InfoPlist.strings in Resources */,
			);
			runOnlyForDeploymentPostprocessing = 0;
		};
/* End PBXResourcesBuildPhase section */

/* Begin PBXSourcesBuildPhase section */
		E30666CB18CEBA3300F9CA6A /* Sources */ = {
			isa = PBXSourcesBuildPhase;
			buildActionMask = 2147483647;
			files = (
				E30666EC18CEBA3300F9CA6A /* ViewController.m in Sources */,
				E30666E318CEBA3300F9CA6A /* AppDelegate.m in Sources */,
				E306671518CEBB7100F9CA6A /* PBSafariActivity.m in Sources */,
				E30666DF18CEBA3300F9CA6A /* main.m in Sources */,
				E306671A18CEBB7100F9CA6A /* PBWebViewController.m in Sources */,
			);
			runOnlyForDeploymentPostprocessing = 0;
		};
		E30666EF18CEBA3300F9CA6A /* Sources */ = {
			isa = PBXSourcesBuildPhase;
			buildActionMask = 2147483647;
			files = (
				E306670118CEBA3300F9CA6A /* FreeMusicDownLoaderTests.m in Sources */,
			);
			runOnlyForDeploymentPostprocessing = 0;
		};
/* End PBXSourcesBuildPhase section */

/* Begin PBXTargetDependency section */
		E30666F918CEBA3300F9CA6A /* PBXTargetDependency */ = {
			isa = PBXTargetDependency;
			target = E30666CE18CEBA3300F9CA6A /* FreeMusicDownLoader */;
			targetProxy = E30666F818CEBA3300F9CA6A /* PBXContainerItemProxy */;
		};
/* End PBXTargetDependency section */

/* Begin PBXVariantGroup section */
		E30666DB18CEBA3300F9CA6A /* InfoPlist.strings */ = {
			isa = PBXVariantGroup;
			children = (
				E30666DC18CEBA3300F9CA6A /* en */,
			);
			name = InfoPlist.strings;
			sourceTree = "<group>";
		};
		E30666E418CEBA3300F9CA6A /* Main_iPhone.storyboard */ = {
			isa = PBXVariantGroup;
			children = (
				E30666E518CEBA3300F9CA6A /* Base */,
			);
			name = Main_iPhone.storyboard;
			sourceTree = "<group>";
		};
		E30666E718CEBA3300F9CA6A /* Main_iPad.storyboard */ = {
			isa = PBXVariantGroup;
			children = (
				E30666E818CEBA3300F9CA6A /* Base */,
			);
			name = Main_iPad.storyboard;
			sourceTree = "<group>";
		};
		E30666FD18CEBA3300F9CA6A /* InfoPlist.strings */ = {
			isa = PBXVariantGroup;
			children = (
				E30666FE18CEBA3300F9CA6A /* en */,
			);
			name = InfoPlist.strings;
			sourceTree = "<group>";
		};
/* End PBXVariantGroup section */

/* Begin XCBuildConfiguration section */
		E306670218CEBA3300F9CA6A /* Debug */ = {
			isa = XCBuildConfiguration;
			buildSettings = {
				ALWAYS_SEARCH_USER_PATHS = NO;
				ARCHS = "$(ARCHS_STANDARD_INCLUDING_64_BIT)";
				CLANG_CXX_LANGUAGE_STANDARD = "gnu++0x";
				CLANG_CXX_LIBRARY = "libc++";
				CLANG_ENABLE_MODULES = YES;
				CLANG_ENABLE_OBJC_ARC = YES;
				CLANG_WARN_BOOL_CONVERSION = YES;
				CLANG_WARN_CONSTANT_CONVERSION = YES;
				CLANG_WARN_DIRECT_OBJC_ISA_USAGE = YES_ERROR;
				CLANG_WARN_EMPTY_BODY = YES;
				CLANG_WARN_ENUM_CONVERSION = YES;
				CLANG_WARN_INT_CONVERSION = YES;
				CLANG_WARN_OBJC_ROOT_CLASS = YES_ERROR;
				CLANG_WARN__DUPLICATE_METHOD_MATCH = YES;
				"CODE_SIGN_IDENTITY[sdk=iphoneos*]" = "iPhone Developer";
				COPY_PHASE_STRIP = NO;
				GCC_C_LANGUAGE_STANDARD = gnu99;
				GCC_DYNAMIC_NO_PIC = NO;
				GCC_OPTIMIZATION_LEVEL = 0;
				GCC_PREPROCESSOR_DEFINITIONS = (
					"DEBUG=1",
					"$(inherited)",
				);
				GCC_SYMBOLS_PRIVATE_EXTERN = NO;
				GCC_WARN_64_TO_32_BIT_CONVERSION = YES;
				GCC_WARN_ABOUT_RETURN_TYPE = YES_ERROR;
				GCC_WARN_UNDECLARED_SELECTOR = YES;
				GCC_WARN_UNINITIALIZED_AUTOS = YES;
				GCC_WARN_UNUSED_FUNCTION = YES;
				GCC_WARN_UNUSED_VARIABLE = YES;
				IPHONEOS_DEPLOYMENT_TARGET = 5.0;
				ONLY_ACTIVE_ARCH = YES;
				SDKROOT = iphoneos;
				TARGETED_DEVICE_FAMILY = "1,2";
			};
			name = Debug;
		};
		E306670318CEBA3300F9CA6A /* Release */ = {
			isa = XCBuildConfiguration;
			buildSettings = {
				ALWAYS_SEARCH_USER_PATHS = NO;
				ARCHS = "$(ARCHS_STANDARD_INCLUDING_64_BIT)";
				CLANG_CXX_LANGUAGE_STANDARD = "gnu++0x";
				CLANG_CXX_LIBRARY = "libc++";
				CLANG_ENABLE_MODULES = YES;
				CLANG_ENABLE_OBJC_ARC = YES;
				CLANG_WARN_BOOL_CONVERSION = YES;
				CLANG_WARN_CONSTANT_CONVERSION = YES;
				CLANG_WARN_DIRECT_OBJC_ISA_USAGE = YES_ERROR;
				CLANG_WARN_EMPTY_BODY = YES;
				CLANG_WARN_ENUM_CONVERSION = YES;
				CLANG_WARN_INT_CONVERSION = YES;
				CLANG_WARN_OBJC_ROOT_CLASS = YES_ERROR;
				CLANG_WARN__DUPLICATE_METHOD_MATCH = YES;
				"CODE_SIGN_IDENTITY[sdk=iphoneos*]" = "iPhone Developer";
				COPY_PHASE_STRIP = YES;
				ENABLE_NS_ASSERTIONS = NO;
				GCC_C_LANGUAGE_STANDARD = gnu99;
				GCC_WARN_64_TO_32_BIT_CONVERSION = YES;
				GCC_WARN_ABOUT_RETURN_TYPE = YES_ERROR;
				GCC_WARN_UNDECLARED_SELECTOR = YES;
				GCC_WARN_UNINITIALIZED_AUTOS = YES;
				GCC_WARN_UNUSED_FUNCTION = YES;
				GCC_WARN_UNUSED_VARIABLE = YES;
				IPHONEOS_DEPLOYMENT_TARGET = 5.0;
				SDKROOT = iphoneos;
				TARGETED_DEVICE_FAMILY = "1,2";
				VALIDATE_PRODUCT = YES;
			};
			name = Release;
		};
		E306670518CEBA3300F9CA6A /* Debug */ = {
			isa = XCBuildConfiguration;
			buildSettings = {
				ASSETCATALOG_COMPILER_APPICON_NAME = AppIcon;
				ASSETCATALOG_COMPILER_LAUNCHIMAGE_NAME = LaunchImage;
				GCC_PRECOMPILE_PREFIX_HEADER = YES;
				GCC_PREFIX_HEADER = "FreeMusicDownLoader/FreeMusicDownLoader-Prefix.pch";
				INFOPLIST_FILE = "FreeMusicDownLoader/FreeMusicDownLoader-Info.plist";
				PRODUCT_NAME = "$(TARGET_NAME)";
				WRAPPER_EXTENSION = app;
			};
			name = Debug;
		};
		E306670618CEBA3300F9CA6A /* Release */ = {
			isa = XCBuildConfiguration;
			buildSettings = {
				ASSETCATALOG_COMPILER_APPICON_NAME = AppIcon;
				ASSETCATALOG_COMPILER_LAUNCHIMAGE_NAME = LaunchImage;
				GCC_PRECOMPILE_PREFIX_HEADER = YES;
				GCC_PREFIX_HEADER = "FreeMusicDownLoader/FreeMusicDownLoader-Prefix.pch";
				INFOPLIST_FILE = "FreeMusicDownLoader/FreeMusicDownLoader-Info.plist";
				PRODUCT_NAME = "$(TARGET_NAME)";
				WRAPPER_EXTENSION = app;
			};
			name = Release;
		};
		E306670818CEBA3300F9CA6A /* Debug */ = {
			isa = XCBuildConfiguration;
			buildSettings = {
				ARCHS = "$(ARCHS_STANDARD_INCLUDING_64_BIT)";
				BUNDLE_LOADER = "$(BUILT_PRODUCTS_DIR)/FreeMusicDownLoader.app/FreeMusicDownLoader";
				FRAMEWORK_SEARCH_PATHS = (
					"$(SDKROOT)/Developer/Library/Frameworks",
					"$(inherited)",
					"$(DEVELOPER_FRAMEWORKS_DIR)",
				);
				GCC_PRECOMPILE_PREFIX_HEADER = YES;
				GCC_PREFIX_HEADER = "FreeMusicDownLoader/FreeMusicDownLoader-Prefix.pch";
				GCC_PREPROCESSOR_DEFINITIONS = (
					"DEBUG=1",
					"$(inherited)",
				);
				INFOPLIST_FILE = "FreeMusicDownLoaderTests/FreeMusicDownLoaderTests-Info.plist";
				PRODUCT_NAME = "$(TARGET_NAME)";
				TEST_HOST = "$(BUNDLE_LOADER)";
				WRAPPER_EXTENSION = xctest;
			};
			name = Debug;
		};
		E306670918CEBA3300F9CA6A /* Release */ = {
			isa = XCBuildConfiguration;
			buildSettings = {
				ARCHS = "$(ARCHS_STANDARD_INCLUDING_64_BIT)";
				BUNDLE_LOADER = "$(BUILT_PRODUCTS_DIR)/FreeMusicDownLoader.app/FreeMusicDownLoader";
				FRAMEWORK_SEARCH_PATHS = (
					"$(SDKROOT)/Developer/Library/Frameworks",
					"$(inherited)",
					"$(DEVELOPER_FRAMEWORKS_DIR)",
				);
				GCC_PRECOMPILE_PREFIX_HEADER = YES;
				GCC_PREFIX_HEADER = "FreeMusicDownLoader/FreeMusicDownLoader-Prefix.pch";
				INFOPLIST_FILE = "FreeMusicDownLoaderTests/FreeMusicDownLoaderTests-Info.plist";
				PRODUCT_NAME = "$(TARGET_NAME)";
				TEST_HOST = "$(BUNDLE_LOADER)";
				WRAPPER_EXTENSION = xctest;
			};
			name = Release;
		};
/* End XCBuildConfiguration section */

/* Begin XCConfigurationList section */
		E30666CA18CEBA3300F9CA6A /* Build configuration list for PBXProject "FreeMusicDownLoader" */ = {
			isa = XCConfigurationList;
			buildConfigurations = (
				E306670218CEBA3300F9CA6A /* Debug */,
				E306670318CEBA3300F9CA6A /* Release */,
			);
			defaultConfigurationIsVisible = 0;
			defaultConfigurationName = Release;
		};
		E306670418CEBA3300F9CA6A /* Build configuration list for PBXNativeTarget "FreeMusicDownLoader" */ = {
			isa = XCConfigurationList;
			buildConfigurations = (
				E306670518CEBA3300F9CA6A /* Debug */,
				E306670618CEBA3300F9CA6A /* Release */,
			);
			defaultConfigurationIsVisible = 0;
		};
		E306670718CEBA3300F9CA6A /* Build configuration list for PBXNativeTarget "FreeMusicDownLoaderTests" */ = {
			isa = XCConfigurationList;
			buildConfigurations = (
				E306670818CEBA3300F9CA6A /* Debug */,
				E306670918CEBA3300F9CA6A /* Release */,
			);
			defaultConfigurationIsVisible = 0;
		};
/* End XCConfigurationList section */
	};
	rootObject = E30666C718CEBA3300F9CA6A /* Project object */;
}
